{
  "name": "coder-vue-components-modal",
  "version": "1.0.1",
  "lockfileVersion": 1,
  "requires": true,
  "dependencies": {
    "portal-vue": {
      "version": "1.5.1",
      "resolved": "https://registry.npmjs.org/portal-vue/-/portal-vue-1.5.1.tgz",
      "integrity": "sha512-7T0K+qyY8bnjnEpQTiLbGsUaGlFcemK9gLurVSr6x1/qzr2HkHDNCOz5i+xhuTD1CrXckf/AGeCnLzvmAHMOHw=="
    }
  }
}
